
Microsoft Visual Studio Solution File, Format Version 12.00
# Visual Studio Version 17
VisualStudioVersion = 17.9.34622.214
MinimumVisualStudioVersion = 10.0.40219.1
Project("{FAE04EC0-301F-11D3-BF4B-00C04F79EFBC}") = "2MoonTesting", "2MoonTesting\2MoonTesting.csproj", "{65167389-1A1E-4623-960F-846E06B58711}"
EndProject
Global
	GlobalSection(SolutionConfigurationPlatforms) = preSolution
		Debug|Any CPU = Debug|Any CPU
		Release|Any CPU = Release|Any CPU
	EndGlobalSection
	GlobalSection(ProjectConfigurationPlatforms) = postSolution
		{65167389-1A1E-4623-960F-846E06B58711}.Debug|Any CPU.ActiveCfg = Debug|Any CPU
		{65167389-1A1E-4623-960F-846E06B58711}.Debug|Any CPU.Build.0 = Debug|Any CPU
		{65167389-1A1E-4623-960F-846E06B58711}.Release|Any CPU.ActiveCfg = Release|Any CPU
		{65167389-1A1E-4623-960F-846E06B58711}.Release|Any CPU.Build.0 = Release|Any CPU
	EndGlobalSection
	GlobalSection(SolutionProperties) = preSolution
		HideSolutionNode = FALSE
	EndGlobalSection
	GlobalSection(ExtensibilityGlobals) = postSolution
		SolutionGuid = {D01BB593-489B-42AF-9C15-EFE5A3F789BF}
	EndGlobalSection
EndGlobal
